<Solution>
  <Configurations>
    <Platform Name="Any CPU" />
    <Platform Name="x64" />
    <Platform Name="x86" />
  </Configurations>
  <Folder Name="/Demos/" />
  <Folder Name="/Demos/Showcase/">
    <Project Path="demos/MyNet.Avalonia.Showcase.Android/MyNet.Avalonia.Showcase.Android.csproj" />
    <Project Path="demos/MyNet.Avalonia.Showcase.Browser/MyNet.Avalonia.Showcase.Browser.csproj" />
    <Project Path="demos/MyNet.Avalonia.Showcase.Desktop/MyNet.Avalonia.Showcase.Desktop.csproj" />
    <Project Path="demos/MyNet.Avalonia.Showcase.iOS/MyNet.Avalonia.Showcase.iOS.csproj" />
    <Project Path="demos/MyNet.Avalonia.Showcase/MyNet.Avalonia.Showcase.csproj" />
  </Folder>
  <Folder Name="/Github Actions/">
    <File Path=".github/dependabot.yml" />
    <File Path=".github/workflows/benchmarks.yml" />
    <File Path=".github/workflows/ci.yml" />
    <File Path="GitVersion.yml" />
  </Folder>
  <Folder Name="/Solution Files/" />
  <Folder Name="/Solution Files/Cursor/">
    <File Path="AGENTS.md" />
  </Folder>
  <Folder Name="/Solution Files/Assets/">
    <File Path="assets/MyAvalonia.png" />
    <File Path="assets/MyAvaloniaControls.png" />
    <File Path="assets/MyAvaloniaExtended.png" />
    <File Path="assets/MyAvaloniaGeography.png" />
    <File Path="assets/MyAvaloniaTheme.png" />
    <File Path="assets/MyAvaloniaThemeControls.png" />
    <File Path="assets/README.md" />
  </Folder>
  <Folder Name="/Solution Files/Build/">
    <File Path=".runsettings" />
    <File Path="build/code-analysis.props" />
    <File Path="build/dependencies.props" />
    <File Path="build/local-mynet-feed.props" />
    <File Path="build/package.props" />
    <File Path="Directory.Build.local.props" />
    <File Path="Directory.Build.props" />
    <File Path="Directory.Build.targets" />
    <File Path="Directory.Packages.props" />
    <File Path="global.json" />
    <File Path="NuGet.config" />
    <File Path="Settings.XamlStyler" />
  </Folder>
  <Folder Name="/Solution Files/Code analysis/">
    <File Path=".editorconfig" />
    <File Path="stylecop.json" />
  </Folder>
  <Folder Name="/Solution Files/Coverage/">
    <File Path="build/coverage/assembly-thresholds.json" />
    <File Path="build/coverage/Merge-SolutionCoverageReports.ps1" />
    <File Path="build/coverage/MyAvalonia.Coverage.props" />
    <File Path="build/coverage/Run-SolutionCoverage.ps1" />
    <File Path="build/coverage/Verify-CriticalCoverage.ps1" />
  </Folder>
  <Folder Name="/Solution Files/Cursor/Docs/">
    <File Path=".cursor/docs/01-architecture-overview.md" />
    <File Path=".cursor/docs/02-control-creation-guide.md" />
    <File Path=".cursor/docs/03-theming-guide.md" />
    <File Path=".cursor/docs/04-extending-library.md" />
    <File Path=".cursor/docs/05-showcase-structure.md" />
    <File Path=".cursor/docs/06-mvvm-patterns.md" />
    <File Path=".cursor/docs/07-testing-guide.md" />
    <File Path=".cursor/docs/08-nuget-checklist.md" />
    <File Path=".cursor/docs/09-anti-patterns.md" />
    <File Path=".cursor/docs/10-mynet-companion.md" />
    <File Path=".cursor/docs/11-markup-extensions.md" />
    <File Path=".cursor/docs/README.md" />
  </Folder>
  <Folder Name="/Solution Files/Cursor/Reference/">
    <File Path=".cursor/reference/architecture.md" />
    <File Path=".cursor/reference/conventions.md" />
    <File Path=".cursor/reference/source-generators.md" />
  </Folder>
  <Folder Name="/Solution Files/Cursor/Rules/">
    <File Path=".cursor/rules/00-core.mdc" />
    <File Path=".cursor/rules/01-csharp-dotnet.mdc" />
    <File Path=".cursor/rules/02-avalonia-controls.mdc" />
    <File Path=".cursor/rules/03-avalonia-theming.mdc" />
    <File Path=".cursor/rules/04-control-design.mdc" />
    <File Path=".cursor/rules/05-showcase-mvvm.mdc" />
    <File Path=".cursor/rules/06-testing.mdc" />
    <File Path=".cursor/rules/07-nuget-packaging.mdc" />
    <File Path=".cursor/rules/08-performance.mdc" />
    <File Path=".cursor/rules/09-architecture-review.mdc" />
  </Folder>
  <Folder Name="/Solution Files/Docs/">
    <File Path="CHANGELOG.md" />
    <File Path="docs/getting-started.md" />
    <File Path="docs/index.md" />
    <File Path="docs/TODO.md" />
    <File Path="LICENSE" />
    <File Path="README.md" />
  </Folder>
  <Folder Name="/Solution Files/Docs/Github/">
    <File Path=".github/PULL_REQUEST_TEMPLATE.md" />
    <File Path="CODEOWNERS" />
    <File Path="CODE_OF_CONDUCT.md" />
    <File Path="CONTRIBUTING.md" />
    <File Path="SECURITY.md" />
  </Folder>
  <Folder Name="/Solution Files/Docs/Github/Issue_template/">
    <File Path=".github/ISSUE_TEMPLATE/bug_report.yml" />
    <File Path=".github/ISSUE_TEMPLATE/config.yml" />
    <File Path=".github/ISSUE_TEMPLATE/feature_request.yml" />
    <File Path=".github/ISSUE_TEMPLATE/question.yml" />
  </Folder>
  <Folder Name="/Benchmarks/">
    <Project Path="benchmarks/MyNet.Avalonia.Theme.Benchmarks/MyNet.Avalonia.Theme.Benchmarks.csproj" />
  </Folder>
  <Folder Name="/Solution Files/Docs/Guides/">
    <File Path="docs/guides/controls-and-overlays.md" />
    <File Path="docs/guides/extended-host.md" />
    <File Path="docs/guides/geography-avalonia.md" />
    <File Path="docs/guides/markup-and-converters.md" />
    <File Path="docs/guides/README.md" />
    <File Path="docs/guides/theme-catalog-colors.md" />
    <File Path="docs/guides/theme-catalog-tokens.md" />
    <File Path="docs/guides/theme-catalog-utility-classes.md" />
    <File Path="docs/guides/theme-controls.md" />
    <File Path="docs/guides/theming.md" />
  </Folder>
  <Folder Name="/Tests/">
    <Project Path="tests/MyNet.Avalonia.Controls.Headless.Tests/MyNet.Avalonia.Controls.Headless.Tests.csproj" />
    <Project Path="tests/MyNet.Avalonia.Extended.Tests/MyNet.Avalonia.Extended.Tests.csproj" />
    <Project Path="tests/MyNet.Avalonia.Extended.Headless.Tests/MyNet.Avalonia.Extended.Headless.Tests.csproj" />
    <Project Path="tests/MyNet.Avalonia.Controls.Tests/MyNet.Avalonia.Controls.Tests.csproj" />
    <Project Path="tests/MyNet.Avalonia.Geography.Tests/MyNet.Avalonia.Geography.Tests.csproj" />
    <Project Path="tests/MyNet.Avalonia.Tests/MyNet.Avalonia.Tests.csproj" />
    <Project Path="tests/MyNet.Avalonia.Theme.Tests/MyNet.Avalonia.Theme.Tests.csproj" />
    <Project Path="tests/MyNet.Avalonia.Showcase.Tests/MyNet.Avalonia.Showcase.Tests.csproj" />
  </Folder>
  <Folder Name="/Tools/">
    <File Path="tools/generate-package-icons.ps1" />
    <File Path="tools/package-icons.json" />
  </Folder>
  <Project Path="src/MyNet.Avalonia.Controls/MyNet.Avalonia.Controls.csproj" />
  <Project Path="src/MyNet.Avalonia.Extended/MyNet.Avalonia.Extended.csproj" />
  <Project Path="src/MyNet.Avalonia.Geography/MyNet.Avalonia.Geography.csproj" />
  <Project Path="src/MyNet.Avalonia.Theme/MyNet.Avalonia.Theme.csproj" />
  <Project Path="src/MyNet.Avalonia.Theme.Controls/MyNet.Avalonia.Theme.Controls.csproj" />
  <Project Path="src/MyNet.Avalonia/MyNet.Avalonia.csproj" />
</Solution>
